// !$*UTF8*$!
{
	archiveVersion = 1;
	classes = {
	};
	objectVersion = 46;
	objects = {

/* Begin PBXBuildFile section */
		D81CD1931F701AA500734FC2 /* AppDelegate.swift in Sources */ = {isa = PBXBuildFile; fileRef = D81CD1921F701AA500734FC2 /* AppDelegate.swift */; };
		D81CD1951F701AA500734FC2 /* ViewController.swift in Sources */ = {isa = PBXBuildFile; fileRef = D81CD1941F701AA500734FC2 /* ViewController.swift */; };
		D81CD1981F701AA500734FC2 /* Main.storyboard in Resources */ = {isa = PBXBuildFile; fileRef = D81CD1961F701AA500734FC2 /* Main.storyboard */; };
		D81CD19A1F701AA500734FC2 /* Assets.xcassets in Resources */ = {isa = PBXBuildFile; fileRef = D81CD1991F701AA500734FC2 /* Assets.xcassets */; };
		D81CD19D1F701AA500734FC2 /* LaunchScreen.storyboard in Resources */ = {isa = PBXBuildFile; fileRef = D81CD19B1F701AA500734FC2 /* LaunchScreen.storyboard */; };
		D83EA6371F74DD730072241B /* ScreenEdgeViewController.swift in Sources */ = {isa = PBXBuildFile; fileRef = D83EA6361F74DD730072241B /* ScreenEdgeViewController.swift */; };
		D83EA6391F75655E0072241B /* ShakeGestureViewController.swift in Sources */ = {isa = PBXBuildFile; fileRef = D83EA6381F75655E0072241B /* ShakeGestureViewController.swift */; };
/* End PBXBuildFile section */

/* Begin PBXFileReference section */
		D81CD18F1F701AA500734FC2 /* GestureTutorial.app */ = {isa = PBXFileReference; explicitFileType = wrapper.application; includeInIndex = 0; path = GestureTutorial.app; sourceTree = BUILT_PRODUCTS_DIR; };
		D81CD1921F701AA500734FC2 /* AppDelegate.swift */ = {isa = PBXFileReference; lastKnownFileType = sourcecode.swift; path = AppDelegate.swift; sourceTree = "<group>"; };
		D81CD1941F701AA500734FC2 /* ViewController.swift */ = {isa = PBXFileReference; lastKnownFileType = sourcecode.swift; path = ViewController.swift; sourceTree = "<group>"; };
		D81CD1971F701AA500734FC2 /* Base */ = {isa = PBXFileReference; lastKnownFileType = file.storyboard; name = Base; path = Base.lproj/Main.storyboard; sourceTree = "<group>"; };
		D81CD1991F701AA500734FC2 /* Assets.xcassets */ = {isa = PBXFileReference; lastKnownFileType = folder.assetcatalog; path = Assets.xcassets; sourceTree = "<group>"; };
		D81CD19C1F701AA500734FC2 /* Base */ = {isa = PBXFileReference; lastKnownFileType = file.storyboard; name = Base; path = Base.lproj/LaunchScreen.storyboard; sourceTree = "<group>"; };
		D81CD19E1F701AA500734FC2 /* Info.plist */ = {isa = PBXFileReference; lastKnownFileType = text.plist.xml; path = Info.plist; sourceTree = "<group>"; };
		D83EA6361F74DD730072241B /* ScreenEdgeViewController.swift */ = {isa = PBXFileReference; fileEncoding = 4; lastKnownFileType = sourcecode.swift; path = ScreenEdgeViewController.swift; sourceTree = "<group>"; };
		D83EA6381F75655E0072241B /* ShakeGestureViewController.swift */ = {isa = PBXFileReference; fileEncoding = 4; lastKnownFileType = sourcecode.swift; path = ShakeGestureViewController.swift; sourceTree = "<group>"; };
/* End PBXFileReference section */

/* Begin PBXFrameworksBuildPhase section */
		D81CD18C1F701AA500734FC2 /* Frameworks */ = {
			isa = PBXFrameworksBuildPhase;
			buildActionMask = 2147483647;
			files = (
			);
			runOnlyForDeploymentPostprocessing = 0;
		};
/* End PBXFrameworksBuildPhase section */

/* Begin PBXGroup section */
		D81CD1861F701AA500734FC2 = {
			isa = PBXGroup;
			children = (
				D81CD1911F701AA500734FC2 /* GestureTutorial */,
				D81CD1901F701AA500734FC2 /* Products */,
			);
			sourceTree = "<group>";
		};
		D81CD1901F701AA500734FC2 /* Products */ = {
			isa = PBXGroup;
			children = (
				D81CD18F1F701AA500734FC2 /* GestureTutorial.app */,
			);
			name = Products;
			sourceTree = "<group>";
		};
		D81CD1911F701AA500734FC2 /* GestureTutorial */ = {
			isa = PBXGroup;
			children = (
				D81CD1921F701AA500734FC2 /* AppDelegate.swift */,
				D81CD1941F701AA500734FC2 /* ViewController.swift */,
				D81CD1961F701AA500734FC2 /* Main.storyboard */,
				D83EA6361F74DD730072241B /* ScreenEdgeViewController.swift */,
				D81CD1991F701AA500734FC2 /* Assets.xcassets */,
				D81CD19B1F701AA500734FC2 /* LaunchScreen.storyboard */,
				D81CD19E1F701AA500734FC2 /* Info.plist */,
				D83EA6381F75655E0072241B /* ShakeGestureViewController.swift */,
			);
			path = GestureTutorial;
			sourceTree = "<group>";
		};
/* End PBXGroup section */

/* Begin PBXNativeTarget section */
		D81CD18E1F701AA500734FC2 /* GestureTutorial */ = {
			isa = PBXNativeTarget;
			buildConfigurationList = D81CD1A11F701AA500734FC2 /* Build configuration list for PBXNativeTarget "GestureTutorial" */;
			buildPhases = (
				D81CD18B1F701AA500734FC2 /* Sources */,
				D81CD18C1F701AA500734FC2 /* Frameworks */,
				D81CD18D1F701AA500734FC2 /* Resources */,
			);
			buildRules = (
			);
			dependencies = (
			);
			name = GestureTutorial;
			productName = GestureTutorial;
			productReference = D81CD18F1F701AA500734FC2 /* GestureTutorial.app */;
			productType = "com.apple.product-type.application";
		};
/* End PBXNativeTarget section */

/* Begin PBXProject section */
		D81CD1871F701AA500734FC2 /* Project object */ = {
			isa = PBXProject;
			attributes = {
				LastSwiftUpdateCheck = 0830;
				LastUpgradeCheck = 0830;
				ORGANIZATIONNAME = Nirvana;
				TargetAttributes = {
					D81CD18E1F701AA500734FC2 = {
						CreatedOnToolsVersion = 8.3.3;
						DevelopmentTeam = EED2NPQ7J8;
						ProvisioningStyle = Automatic;
					};
				};
			};
			buildConfigurationList = D81CD18A1F701AA500734FC2 /* Build configuration list for PBXProject "GestureTutorial" */;
			compatibilityVersion = "Xcode 3.2";
			developmentRegion = English;
			hasScannedForEncodings = 0;
			knownRegions = (
				en,
				Base,
			);
			mainGroup = D81CD1861F701AA500734FC2;
			productRefGroup = D81CD1901F701AA500734FC2 /* Products */;
			projectDirPath = "";
			projectRoot = "";
			targets = (
				D81CD18E1F701AA500734FC2 /* GestureTutorial */,
			);
		};
/* End PBXProject section */

/* Begin PBXResourcesBuildPhase section */
		D81CD18D1F701AA500734FC2 /* Resources */ = {
			isa = PBXResourcesBuildPhase;
			buildActionMask = 2147483647;
			files = (
				D81CD19D1F701AA500734FC2 /* LaunchScreen.storyboard in Resources */,
				D81CD19A1F701AA500734FC2 /* Assets.xcassets in Resources */,
				D81CD1981F701AA500734FC2 /* Main.storyboard in Resources */,
			);
			runOnlyForDeploymentPostprocessing = 0;
		};
/* End PBXResourcesBuildPhase section */

/* Begin PBXSourcesBuildPhase section */
		D81CD18B1F701AA500734FC2 /* Sources */ = {
			isa = PBXSourcesBuildPhase;
			buildActionMask = 2147483647;
			files = (
				D83EA6371F74DD730072241B /* ScreenEdgeViewController.swift in Sources */,
				D81CD1951F701AA500734FC2 /* ViewController.swift in Sources */,
				D83EA6391F75655E0072241B /* ShakeGestureViewController.swift in Sources */,
				D81CD1931F701AA500734FC2 /* AppDelegate.swift in Sources */,
			);
			runOnlyForDeploymentPostprocessing = 0;
		};
/* End PBXSourcesBuildPhase section */

/* Begin PBXVariantGroup section */
		D81CD1961F701AA500734FC2 /* Main.storyboard */ = {
			isa = PBXVariantGroup;
			children = (
				D81CD1971F701AA500734FC2 /* Base */,
			);
			name = Main.storyboard;
			sourceTree = "<group>";
		};
		D81CD19B1F701AA500734FC2 /* LaunchScreen.storyboard */ = {
			isa = PBXVariantGroup;
			children = (
				D81CD19C1F701AA500734FC2 /* Base */,
			);
			name = LaunchScreen.storyboard;
			sourceTree = "<group>";
		};
/* End PBXVariantGroup section */

/* Begin XCBuildConfiguration section */
		D81CD19F1F701AA500734FC2 /* Debug */ = {
			isa = XCBuildConfiguration;
			buildSettings = {
				ALWAYS_SEARCH_USER_PATHS = NO;
				CLANG_ANALYZER_NONNULL = YES;
				CLANG_ANALYZER_NUMBER_OBJECT_CONVERSION = YES_AGGRESSIVE;
				CLANG_CXX_LANGUAGE_STANDARD = "gnu++0x";
				CLANG_CXX_LIBRARY = "libc++";
				CLANG_ENABLE_MODULES = YES;
				CLANG_ENABLE_OBJC_ARC = YES;
				CLANG_WARN_BOOL_CONVERSION = YES;
				CLANG_WARN_CONSTANT_CONVERSION = YES;
				CLANG_WARN_DIRECT_OBJC_ISA_USAGE = YES_ERROR;
				CLANG_WARN_DOCUMENTATION_COMMENTS = YES;
				CLANG_WARN_EMPTY_BODY = YES;
				CLANG_WARN_ENUM_CONVERSION = YES;
				CLANG_WARN_INFINITE_RECURSION = YES;
				CLANG_WARN_INT_CONVERSION = YES;
				CLANG_WARN_OBJC_ROOT_CLASS = YES_ERROR;
				CLANG_WARN_SUSPICIOUS_MOVE = YES;
				CLANG_WARN_UNREACHABLE_CODE = YES;
				CLANG_WARN__DUPLICATE_METHOD_MATCH = YES;
				"CODE_SIGN_IDENTITY[sdk=iphoneos*]" = "iPhone Developer";
				COPY_PHASE_STRIP = NO;
				DEBUG_INFORMATION_FORMAT = dwarf;
				ENABLE_STRICT_OBJC_MSGSEND = YES;
				ENABLE_TESTABILITY = YES;
				GCC_C_LANGUAGE_STANDARD = gnu99;
				GCC_DYNAMIC_NO_PIC = NO;
				GCC_NO_COMMON_BLOCKS = YES;
				GCC_OPTIMIZATION_LEVEL = 0;
				GCC_PREPROCESSOR_DEFINITIONS = (
					"DEBUG=1",
					"$(inherited)",
				);
				GCC_WARN_64_TO_32_BIT_CONVERSION = YES;
				GCC_WARN_ABOUT_RETURN_TYPE = YES_ERROR;
				GCC_WARN_UNDECLARED_SELECTOR = YES;
				GCC_WARN_UNINITIALIZED_AUTOS = YES_AGGRESSIVE;
				GCC_WARN_UNUSED_FUNCTION = YES;
				GCC_WARN_UNUSED_VARIABLE = YES;
				IPHONEOS_DEPLOYMENT_TARGET = 10.3;
				MTL_ENABLE_DEBUG_INFO = YES;
				ONLY_ACTIVE_ARCH = YES;
				SDKROOT = iphoneos;
				SWIFT_ACTIVE_COMPILATION_CONDITIONS = DEBUG;
				SWIFT_OPTIMIZATION_LEVEL = "-Onone";
			};
			name = Debug;
		};
		D81CD1A01F701AA500734FC2 /* Release */ = {
			isa = XCBuildConfiguration;
			buildSettings = {
				ALWAYS_SEARCH_USER_PATHS = NO;
				CLANG_ANALYZER_NONNULL = YES;
				CLANG_ANALYZER_NUMBER_OBJECT_CONVERSION = YES_AGGRESSIVE;
				CLANG_CXX_LANGUAGE_STANDARD = "gnu++0x";
				CLANG_CXX_LIBRARY = "libc++";
				CLANG_ENABLE_MODULES = YES;
				CLANG_ENABLE_OBJC_ARC = YES;
				CLANG_WARN_BOOL_CONVERSION = YES;
				CLANG_WARN_CONSTANT_CONVERSION = YES;
				CLANG_WARN_DIRECT_OBJC_ISA_USAGE = YES_ERROR;
				CLANG_WARN_DOCUMENTATION_COMMENTS = YES;
				CLANG_WARN_EMPTY_BODY = YES;
				CLANG_WARN_ENUM_CONVERSION = YES;
				CLANG_WARN_INFINITE_RECURSION = YES;
				CLANG_WARN_INT_CONVERSION = YES;
				CLANG_WARN_OBJC_ROOT_CLASS = YES_ERROR;
				CLANG_WARN_SUSPICIOUS_MOVE = YES;
				CLANG_WARN_UNREACHABLE_CODE = YES;
				CLANG_WARN__DUPLICATE_METHOD_MATCH = YES;
				"CODE_SIGN_IDENTITY[sdk=iphoneos*]" = "iPhone Developer";
				COPY_PHASE_STRIP = NO;
				DEBUG_INFORMATION_FORMAT = "dwarf-with-dsym";
				ENABLE_NS_ASSERTIONS = NO;
				ENABLE_STRICT_OBJC_MSGSEND = YES;
				GCC_C_LANGUAGE_STANDARD = gnu99;
				GCC_NO_COMMON_BLOCKS = YES;
				GCC_WARN_64_TO_32_BIT_CONVERSION = YES;
				GCC_WARN_ABOUT_RETURN_TYPE = YES_ERROR;
				GCC_WARN_UNDECLARED_SELECTOR = YES;
				GCC_WARN_UNINITIALIZED_AUTOS = YES_AGGRESSIVE;
				GCC_WARN_UNUSED_FUNCTION = YES;
				GCC_WARN_UNUSED_VARIABLE = YES;
				IPHONEOS_DEPLOYMENT_TARGET = 10.3;
				MTL_ENABLE_DEBUG_INFO = NO;
				SDKROOT = iphoneos;
				SWIFT_OPTIMIZATION_LEVEL = "-Owholemodule";
				VALIDATE_PRODUCT = YES;
			};
			name = Release;
		};
		D81CD1A21F701AA500734FC2 /* Debug */ = {
			isa = XCBuildConfiguration;
			buildSettings = {
				ASSETCATALOG_COMPILER_APPICON_NAME = AppIcon;
				"CODE_SIGN_IDENTITY[sdk=iphoneos*]" = "iPhone Developer";
				DEVELOPMENT_TEAM = EED2NPQ7J8;
				INFOPLIST_FILE = GestureTutorial/Info.plist;
				IPHONEOS_DEPLOYMENT_TARGET = 10.1;
				LD_RUNPATH_SEARCH_PATHS = "$(inherited) @executable_path/Frameworks";
				PRODUCT_BUNDLE_IDENTIFIER = com.vvoora.codepath.GestureTutorial;
				PRODUCT_NAME = "$(TARGET_NAME)";
				PROVISIONING_PROFILE_SPECIFIER = "";
				SWIFT_VERSION = 3.0;
			};
			name = Debug;
		};
		D81CD1A31F701AA500734FC2 /* Release */ = {
			isa = XCBuildConfiguration;
			buildSettings = {
				ASSETCATALOG_COMPILER_APPICON_NAME = AppIcon;
				"CODE_SIGN_IDENTITY[sdk=iphoneos*]" = "iPhone Developer";
				DEVELOPMENT_TEAM = EED2NPQ7J8;
				INFOPLIST_FILE = GestureTutorial/Info.plist;
				IPHONEOS_DEPLOYMENT_TARGET = 10.1;
				LD_RUNPATH_SEARCH_PATHS = "$(inherited) @executable_path/Frameworks";
				PRODUCT_BUNDLE_IDENTIFIER = com.vvoora.codepath.GestureTutorial;
				PRODUCT_NAME = "$(TARGET_NAME)";
				PROVISIONING_PROFILE_SPECIFIER = "";
				SWIFT_VERSION = 3.0;
			};
			name = Release;
		};
/* End XCBuildConfiguration section */

/* Begin XCConfigurationList section */
		D81CD18A1F701AA500734FC2 /* Build configuration list for PBXProject "GestureTutorial" */ = {
			isa = XCConfigurationList;
			buildConfigurations = (
				D81CD19F1F701AA500734FC2 /* Debug */,
				D81CD1A01F701AA500734FC2 /* Release */,
			);
			defaultConfigurationIsVisible = 0;
			defaultConfigurationName = Release;
		};
		D81CD1A11F701AA500734FC2 /* Build configuration list for PBXNativeTarget "GestureTutorial" */ = {
			isa = XCConfigurationList;
			buildConfigurations = (
				D81CD1A21F701AA500734FC2 /* Debug */,
				D81CD1A31F701AA500734FC2 /* Release */,
			);
			defaultConfigurationIsVisible = 0;
			defaultConfigurationName = Release;
		};
/* End XCConfigurationList section */
	};
	rootObject = D81CD1871F701AA500734FC2 /* Project object */;
}
